{
    "version": 3,
    "terraform_version": "0.11.13",
    "serial": 9,
    "lineage": "43cdc3b8-9286-6cdc-cc27-52ee4d5995fa",
    "modules": [
        {
            "path": [
                "root"
            ],
            "outputs": {
                "replicated console password": {
                    "sensitive": false,
                    "type": "string",
                    "value": "uncommon-slug"
                }
            },
            "resources": {
                "data.aws_route53_zone.hashidemos": {
                    "type": "aws_route53_zone",
                    "depends_on": [],
                    "primary": {
                        "id": "Z3C80C0K344PNI",
                        "attributes": {
                            "caller_reference": "E248F709-76EF-954F-B509-031E0E68886F",
                            "comment": "Managed by Terraform",
                            "id": "Z3C80C0K344PNI",
                            "name": "hashidemos.io.",
                            "name_servers.#": "4",
                            "name_servers.0": "ns-586.awsdns-09.net",
                            "name_servers.1": "ns-479.awsdns-59.com",
                            "name_servers.2": "ns-1235.awsdns-26.org",
                            "name_servers.3": "ns-1745.awsdns-26.co.uk",
                            "private_zone": "false",
                            "resource_record_set_count": "2",
                            "zone_id": "Z3C80C0K344PNI"
                        },
                        "meta": {},
                        "tainted": false
                    },
                    "deposed": [],
                    "provider": "provider.aws"
                },
                "data.template_file.user_data": {
                    "type": "template_file",
                    "depends_on": [
                        "random_pet.replicated-pwd"
                    ],
                    "primary": {
                        "id": "c2150f569386045b94d28fae16768c7eabaa4e10baaf2fba5df4f2b107268051",
                        "attributes": {
                            "id": "c2150f569386045b94d28fae16768c7eabaa4e10baaf2fba5df4f2b107268051",
                            "rendered": "#!/bin/bash\n\n# create replicated unattended installer config\ncat \u003e /etc/replicated.conf \u003c\u003cEOF\n{\n  \"DaemonAuthenticationType\": \"password\",\n  \"DaemonAuthenticationPassword\": \"ptfe-pwd\",\n  \"TlsBootstrapType\": \"self-signed\",\n  \"LogLevel\": \"debug\",\n  \"ImportSettingsFrom\": \"/tmp/replicated-settings.json\",\n  \"LicenseFileLocation\": \"/tmp/license.rli\"\n  \"BypassPreflightChecks\": true\n}\nEOF\ncat \u003e /tmp/replicated-settings.json \u003c\u003cEOF\n{\n  \"hostname\": {\n    \"value\": \"jiyeon-ptfe-pes.hashidemos.io\"\n  }\n  \"installation_type\": {\n    \"value\": \"production\"\n  },\n  \"production_type\": {\n    \"value\": \"external\"\n  },\n  \"pg_user\": {\n    \"value\": \"ptfe\"\n  },\n  \"pg_password\": {\n    \"value\": \"\"\n  },\n  \"pg_netloc\": {\n    \"value\": \"\"\n  },\n  \"pg_dbname\": {\n      \"value\": \"ptfe\"\n  },\n  \"letsencrypt_auto\": {\n    \"value\": \"1\"\n  },\n  \"letsencrypt_email\": {\n    \"value\": \"jiyeon01.kim@samsung.com\"\n  },\n}\nEOF\n\n# install replicated\ncurl https://install.terraform.io/ptfe/stable\u003e /home/ubuntu/install.sh\nbash /home/ubuntu/install.sh no-proxy\n",
                            "template": "#!/bin/bash\n\n# create replicated unattended installer config\ncat \u003e /etc/replicated.conf \u003c\u003cEOF\n{\n  \"DaemonAuthenticationType\": \"password\",\n  \"DaemonAuthenticationPassword\": \"ptfe-pwd\",\n  \"TlsBootstrapType\": \"self-signed\",\n  \"LogLevel\": \"debug\",\n  \"ImportSettingsFrom\": \"/tmp/replicated-settings.json\",\n  \"LicenseFileLocation\": \"/tmp/license.rli\"\n  \"BypassPreflightChecks\": true\n}\nEOF\ncat \u003e /tmp/replicated-settings.json \u003c\u003cEOF\n{\n  \"hostname\": {\n    \"value\": \"jiyeon-ptfe-pes.hashidemos.io\"\n  }\n  \"installation_type\": {\n    \"value\": \"production\"\n  },\n  \"production_type\": {\n    \"value\": \"external\"\n  },\n  \"pg_user\": {\n    \"value\": \"ptfe\"\n  },\n  \"pg_password\": {\n    \"value\": \"\"\n  },\n  \"pg_netloc\": {\n    \"value\": \"\"\n  },\n  \"pg_dbname\": {\n      \"value\": \"ptfe\"\n  },\n  \"letsencrypt_auto\": {\n    \"value\": \"1\"\n  },\n  \"letsencrypt_email\": {\n    \"value\": \"jiyeon01.kim@samsung.com\"\n  },\n}\nEOF\n\n# install replicated\ncurl https://install.terraform.io/ptfe/stable\u003e /home/ubuntu/install.sh\nbash /home/ubuntu/install.sh no-proxy\n",
                            "vars.%": "2",
                            "vars.hostname": "jiyeon-ptfe.hashidemos.io",
                            "vars.replicated_pwd": "uncommon-slug"
                        },
                        "meta": {},
                        "tainted": false
                    },
                    "deposed": [],
                    "provider": "provider.template"
                },
                "random_pet.replicated-pwd": {
                    "type": "random_pet",
                    "depends_on": [],
                    "primary": {
                        "id": "uncommon-slug",
                        "attributes": {
                            "id": "uncommon-slug",
                            "length": "2",
                            "separator": "-"
                        },
                        "meta": {},
                        "tainted": false
                    },
                    "deposed": [],
                    "provider": "provider.random"
                }
            },
            "depends_on": []
        },
        {
            "path": [
                "root",
                "network"
            ],
            "outputs": {
                "db_subnet_group_id": {
                    "sensitive": false,
                    "type": "string",
                    "value": "jiyeon-ptfe20190513020958870700000001"
                },
                "security_group_id": {
                    "sensitive": false,
                    "type": "string",
                    "value": "sg-03d84ef0be438c5ff"
                },
                "subnet_ids": {
                    "sensitive": false,
                    "type": "list",
                    "value": [
                        "subnet-000cece6243fc538a",
                        "subnet-0eed9fd837b3bc87b"
                    ]
                }
            },
            "resources": {
                "aws_db_subnet_group.main": {
                    "type": "aws_db_subnet_group",
                    "depends_on": [
                        "aws_subnet.main.*"
                    ],
                    "primary": {
                        "id": "jiyeon-ptfe20190513020958870700000001",
                        "attributes": {
                            "arn": "arn:aws:rds:ap-southeast-1:912698603521:subgrp:jiyeon-ptfe20190513020958870700000001",
                            "description": "jiyeon-ptfe-db_subnet_group",
                            "id": "jiyeon-ptfe20190513020958870700000001",
                            "name": "jiyeon-ptfe20190513020958870700000001",
                            "name_prefix": "jiyeon-ptfe",
                            "subnet_ids.#": "2",
                            "subnet_ids.2397538327": "subnet-000cece6243fc538a",
                            "subnet_ids.2973222984": "subnet-0eed9fd837b3bc87b",
                            "tags.%": "0"
                        },
                        "meta": {},
                        "tainted": false
                    },
                    "deposed": [],
                    "provider": "provider.aws"
                },
                "aws_internet_gateway.main": {
                    "type": "aws_internet_gateway",
                    "depends_on": [
                        "aws_vpc.main"
                    ],
                    "primary": {
                        "id": "igw-04d583f28eb0059ed",
                        "attributes": {
                            "id": "igw-04d583f28eb0059ed",
                            "owner_id": "912698603521",
                            "tags.%": "1",
                            "tags.Name": "jiyeon-ptfe-internet_gateway",
                            "vpc_id": "vpc-07934308031789604"
                        },
                        "meta": {},
                        "tainted": false
                    },
                    "deposed": [],
                    "provider": "provider.aws"
                },
                "aws_route_table.main": {
                    "type": "aws_route_table",
                    "depends_on": [
                        "aws_internet_gateway.main",
                        "aws_vpc.main"
                    ],
                    "primary": {
                        "id": "rtb-0d292a6839c8f3581",
                        "attributes": {
                            "id": "rtb-0d292a6839c8f3581",
                            "owner_id": "912698603521",
                            "propagating_vgws.#": "0",
                            "route.#": "1",
                            "route.2527622659.cidr_block": "0.0.0.0/0",
                            "route.2527622659.egress_only_gateway_id": "",
                            "route.2527622659.gateway_id": "igw-04d583f28eb0059ed",
                            "route.2527622659.instance_id": "",
                            "route.2527622659.ipv6_cidr_block": "",
                            "route.2527622659.nat_gateway_id": "",
                            "route.2527622659.network_interface_id": "",
                            "route.2527622659.transit_gateway_id": "",
                            "route.2527622659.vpc_peering_connection_id": "",
                            "tags.%": "1",
                            "tags.Name": "jiyeon-ptfe-route_table",
                            "vpc_id": "vpc-07934308031789604"
                        },
                        "meta": {},
                        "tainted": false
                    },
                    "deposed": [],
                    "provider": "provider.aws"
                },
                "aws_route_table_association.main.0": {
                    "type": "aws_route_table_association",
                    "depends_on": [
                        "aws_route_table.main",
                        "aws_subnet.main.*"
                    ],
                    "primary": {
                        "id": "rtbassoc-00ed55e0665d969a1",
                        "attributes": {
                            "id": "rtbassoc-00ed55e0665d969a1",
                            "route_table_id": "rtb-0d292a6839c8f3581",
                            "subnet_id": "subnet-000cece6243fc538a"
                        },
                        "meta": {},
                        "tainted": false
                    },
                    "deposed": [],
                    "provider": "provider.aws"
                },
                "aws_route_table_association.main.1": {
                    "type": "aws_route_table_association",
                    "depends_on": [
                        "aws_route_table.main",
                        "aws_subnet.main.*"
                    ],
                    "primary": {
                        "id": "rtbassoc-035d81041c557cfa3",
                        "attributes": {
                            "id": "rtbassoc-035d81041c557cfa3",
                            "route_table_id": "rtb-0d292a6839c8f3581",
                            "subnet_id": "subnet-0eed9fd837b3bc87b"
                        },
                        "meta": {},
                        "tainted": false
                    },
                    "deposed": [],
                    "provider": "provider.aws"
                },
                "aws_security_group.main": {
                    "type": "aws_security_group",
                    "depends_on": [
                        "aws_vpc.main"
                    ],
                    "primary": {
                        "id": "sg-03d84ef0be438c5ff",
                        "attributes": {
                            "arn": "arn:aws:ec2:ap-southeast-1:912698603521:security-group/sg-03d84ef0be438c5ff",
                            "description": "jiyeon-ptfe security group",
                            "egress.#": "1",
                            "egress.482069346.cidr_blocks.#": "1",
                            "egress.482069346.cidr_blocks.0": "0.0.0.0/0",
                            "egress.482069346.description": "",
                            "egress.482069346.from_port": "0",
                            "egress.482069346.ipv6_cidr_blocks.#": "0",
                            "egress.482069346.prefix_list_ids.#": "0",
                            "egress.482069346.protocol": "-1",
                            "egress.482069346.security_groups.#": "0",
                            "egress.482069346.self": "false",
                            "egress.482069346.to_port": "0",
                            "id": "sg-03d84ef0be438c5ff",
                            "ingress.#": "5",
                            "ingress.1862494089.cidr_blocks.#": "1",
                            "ingress.1862494089.cidr_blocks.0": "0.0.0.0/0",
                            "ingress.1862494089.description": "",
                            "ingress.1862494089.from_port": "8800",
                            "ingress.1862494089.ipv6_cidr_blocks.#": "0",
                            "ingress.1862494089.prefix_list_ids.#": "0",
                            "ingress.1862494089.protocol": "tcp",
                            "ingress.1862494089.security_groups.#": "0",
                            "ingress.1862494089.self": "false",
                            "ingress.1862494089.to_port": "8800",
                            "ingress.2214680975.cidr_blocks.#": "1",
                            "ingress.2214680975.cidr_blocks.0": "0.0.0.0/0",
                            "ingress.2214680975.description": "",
                            "ingress.2214680975.from_port": "80",
                            "ingress.2214680975.ipv6_cidr_blocks.#": "0",
                            "ingress.2214680975.prefix_list_ids.#": "0",
                            "ingress.2214680975.protocol": "tcp",
                            "ingress.2214680975.security_groups.#": "0",
                            "ingress.2214680975.self": "false",
                            "ingress.2214680975.to_port": "80",
                            "ingress.2541437006.cidr_blocks.#": "1",
                            "ingress.2541437006.cidr_blocks.0": "0.0.0.0/0",
                            "ingress.2541437006.description": "",
                            "ingress.2541437006.from_port": "22",
                            "ingress.2541437006.ipv6_cidr_blocks.#": "0",
                            "ingress.2541437006.prefix_list_ids.#": "0",
                            "ingress.2541437006.protocol": "tcp",
                            "ingress.2541437006.security_groups.#": "0",
                            "ingress.2541437006.self": "false",
                            "ingress.2541437006.to_port": "22",
                            "ingress.2617001939.cidr_blocks.#": "1",
                            "ingress.2617001939.cidr_blocks.0": "0.0.0.0/0",
                            "ingress.2617001939.description": "",
                            "ingress.2617001939.from_port": "443",
                            "ingress.2617001939.ipv6_cidr_blocks.#": "0",
                            "ingress.2617001939.prefix_list_ids.#": "0",
                            "ingress.2617001939.protocol": "tcp",
                            "ingress.2617001939.security_groups.#": "0",
                            "ingress.2617001939.self": "false",
                            "ingress.2617001939.to_port": "443",
                            "ingress.753360330.cidr_blocks.#": "0",
                            "ingress.753360330.description": "",
                            "ingress.753360330.from_port": "0",
                            "ingress.753360330.ipv6_cidr_blocks.#": "0",
                            "ingress.753360330.prefix_list_ids.#": "0",
                            "ingress.753360330.protocol": "-1",
                            "ingress.753360330.security_groups.#": "0",
                            "ingress.753360330.self": "true",
                            "ingress.753360330.to_port": "0",
                            "name": "jiyeon-ptfe-sg",
                            "owner_id": "912698603521",
                            "revoke_rules_on_delete": "false",
                            "tags.%": "0",
                            "vpc_id": "vpc-07934308031789604"
                        },
                        "meta": {
                            "e2bfb730-ecaa-11e6-8f88-34363bc7c4c0": {
                                "create": 600000000000,
                                "delete": 600000000000
                            },
                            "schema_version": "1"
                        },
                        "tainted": false
                    },
                    "deposed": [],
                    "provider": "provider.aws"
                },
                "aws_subnet.main.0": {
                    "type": "aws_subnet",
                    "depends_on": [
                        "aws_vpc.main",
                        "data.aws_availability_zones.available"
                    ],
                    "primary": {
                        "id": "subnet-000cece6243fc538a",
                        "attributes": {
                            "arn": "arn:aws:ec2:ap-southeast-1:912698603521:subnet/subnet-000cece6243fc538a",
                            "assign_ipv6_address_on_creation": "false",
                            "availability_zone": "ap-southeast-1a",
                            "availability_zone_id": "apse1-az2",
                            "cidr_block": "10.0.1.0/24",
                            "id": "subnet-000cece6243fc538a",
                            "ipv6_cidr_block": "",
                            "ipv6_cidr_block_association_id": "",
                            "map_public_ip_on_launch": "true",
                            "owner_id": "912698603521",
                            "tags.%": "1",
                            "tags.Name": "jiyeon-ptfe-subnet-ap-southeast-1a",
                            "vpc_id": "vpc-07934308031789604"
                        },
                        "meta": {
                            "e2bfb730-ecaa-11e6-8f88-34363bc7c4c0": {
                                "create": 600000000000,
                                "delete": 600000000000
                            },
                            "schema_version": "1"
                        },
                        "tainted": false
                    },
                    "deposed": [],
                    "provider": "provider.aws"
                },
                "aws_subnet.main.1": {
                    "type": "aws_subnet",
                    "depends_on": [
                        "aws_vpc.main",
                        "data.aws_availability_zones.available"
                    ],
                    "primary": {
                        "id": "subnet-0eed9fd837b3bc87b",
                        "attributes": {
                            "arn": "arn:aws:ec2:ap-southeast-1:912698603521:subnet/subnet-0eed9fd837b3bc87b",
                            "assign_ipv6_address_on_creation": "false",
                            "availability_zone": "ap-southeast-1b",
                            "availability_zone_id": "apse1-az1",
                            "cidr_block": "10.0.2.0/24",
                            "id": "subnet-0eed9fd837b3bc87b",
                            "ipv6_cidr_block": "",
                            "ipv6_cidr_block_association_id": "",
                            "map_public_ip_on_launch": "true",
                            "owner_id": "912698603521",
                            "tags.%": "1",
                            "tags.Name": "jiyeon-ptfe-subnet-ap-southeast-1b",
                            "vpc_id": "vpc-07934308031789604"
                        },
                        "meta": {
                            "e2bfb730-ecaa-11e6-8f88-34363bc7c4c0": {
                                "create": 600000000000,
                                "delete": 600000000000
                            },
                            "schema_version": "1"
                        },
                        "tainted": false
                    },
                    "deposed": [],
                    "provider": "provider.aws"
                },
                "aws_vpc.main": {
                    "type": "aws_vpc",
                    "depends_on": [],
                    "primary": {
                        "id": "vpc-07934308031789604",
                        "attributes": {
                            "arn": "arn:aws:ec2:ap-southeast-1:912698603521:vpc/vpc-07934308031789604",
                            "assign_generated_ipv6_cidr_block": "false",
                            "cidr_block": "10.0.0.0/16",
                            "default_network_acl_id": "acl-009d4264aad794a51",
                            "default_route_table_id": "rtb-0566621a19f4d02b2",
                            "default_security_group_id": "sg-0f6574a1a86cab214",
                            "dhcp_options_id": "dopt-e7e10d8f",
                            "enable_classiclink": "false",
                            "enable_classiclink_dns_support": "false",
                            "enable_dns_hostnames": "true",
                            "enable_dns_support": "true",
                            "id": "vpc-07934308031789604",
                            "instance_tenancy": "default",
                            "ipv6_association_id": "",
                            "ipv6_cidr_block": "",
                            "main_route_table_id": "rtb-0566621a19f4d02b2",
                            "owner_id": "912698603521",
                            "tags.%": "1",
                            "tags.Name": "jiyeon-ptfe-vpc"
                        },
                        "meta": {
                            "schema_version": "1"
                        },
                        "tainted": false
                    },
                    "deposed": [],
                    "provider": "provider.aws"
                },
                "data.aws_availability_zones.available": {
                    "type": "aws_availability_zones",
                    "depends_on": [],
                    "primary": {
                        "id": "2019-05-13 02:09:48.583334105 +0000 UTC",
                        "attributes": {
                            "id": "2019-05-13 02:09:48.583334105 +0000 UTC",
                            "names.#": "3",
                            "names.0": "ap-southeast-1a",
                            "names.1": "ap-southeast-1b",
                            "names.2": "ap-southeast-1c",
                            "state": "available",
                            "zone_ids.#": "3",
                            "zone_ids.0": "apse1-az2",
                            "zone_ids.1": "apse1-az1",
                            "zone_ids.2": "apse1-az3"
                        },
                        "meta": {},
                        "tainted": false
                    },
                    "deposed": [],
                    "provider": "provider.aws"
                }
            },
            "depends_on": []
        },
        {
            "path": [
                "root",
                "pes"
            ],
            "outputs": {
                "pes_fqdn": {
                    "sensitive": false,
                    "type": "string",
                    "value": "jiyeon-ptfe-pes.hashidemos.io"
                }
            },
            "resources": {
                "aws_db_instance.pes": {
                    "type": "aws_db_instance",
                    "depends_on": [
                        "local.namespace"
                    ],
                    "primary": {
                        "id": "jiyeon-ptfe-pes-db-instance",
                        "attributes": {
                            "address": "jiyeon-ptfe-pes-db-instance.cxl8xeva9cc6.ap-southeast-1.rds.amazonaws.com",
                            "allocated_storage": "10",
                            "arn": "arn:aws:rds:ap-southeast-1:912698603521:db:jiyeon-ptfe-pes-db-instance",
                            "auto_minor_version_upgrade": "true",
                            "availability_zone": "ap-southeast-1b",
                            "backup_retention_period": "0",
                            "backup_window": "14:01-14:31",
                            "ca_cert_identifier": "rds-ca-2015",
                            "copy_tags_to_snapshot": "false",
                            "db_subnet_group_name": "jiyeon-ptfe20190513020958870700000001",
                            "deletion_protection": "false",
                            "domain": "",
                            "domain_iam_role_name": "",
                            "enabled_cloudwatch_logs_exports.#": "0",
                            "endpoint": "jiyeon-ptfe-pes-db-instance.cxl8xeva9cc6.ap-southeast-1.rds.amazonaws.com:5432",
                            "engine": "postgres",
                            "engine_version": "9.4.20",
                            "final_snapshot_identifier": "jiyeon-ptfe-pes-db-instance-final-snapshot1",
                            "hosted_zone_id": "Z2G0U3KFCY8NZ5",
                            "iam_database_authentication_enabled": "false",
                            "id": "jiyeon-ptfe-pes-db-instance",
                            "identifier": "jiyeon-ptfe-pes-db-instance",
                            "instance_class": "db.t2.medium",
                            "iops": "0",
                            "kms_key_id": "",
                            "license_model": "postgresql-license",
                            "maintenance_window": "thu:14:49-thu:15:19",
                            "monitoring_interval": "0",
                            "multi_az": "true",
                            "name": "ptfe",
                            "option_group_name": "default:postgres-9-4",
                            "parameter_group_name": "default.postgres9.4",
                            "password": "uncommon-slug",
                            "port": "5432",
                            "publicly_accessible": "false",
                            "replicas.#": "0",
                            "replicate_source_db": "",
                            "resource_id": "db-N6RZQJZN3VH4FRZUE7Y4EKEADM",
                            "security_group_names.#": "0",
                            "skip_final_snapshot": "false",
                            "status": "available",
                            "storage_encrypted": "false",
                            "storage_type": "gp2",
                            "tags.%": "0",
                            "timezone": "",
                            "username": "ptfe",
                            "vpc_security_group_ids.#": "1",
                            "vpc_security_group_ids.3487956615": "sg-03d84ef0be438c5ff"
                        },
                        "meta": {
                            "e2bfb730-ecaa-11e6-8f88-34363bc7c4c0": {
                                "create": 2400000000000,
                                "delete": 2400000000000,
                                "update": 4800000000000
                            }
                        },
                        "tainted": false
                    },
                    "deposed": [],
                    "provider": "provider.aws"
                },
                "aws_eip.pes": {
                    "type": "aws_eip",
                    "depends_on": [
                        "aws_instance.pes"
                    ],
                    "primary": {
                        "id": "eipalloc-0a592d27a70aa4926",
                        "attributes": {
                            "association_id": "eipassoc-0c389ec7e4cea6e24",
                            "domain": "vpc",
                            "id": "eipalloc-0a592d27a70aa4926",
                            "instance": "i-08bd88443d6edb628",
                            "network_interface": "eni-00fed56dd8d22225d",
                            "private_dns": "ip-10-0-1-9.ap-southeast-1.compute.internal",
                            "private_ip": "10.0.1.9",
                            "public_dns": "ec2-18-138-195-58.ap-southeast-1.compute.amazonaws.com",
                            "public_ip": "18.138.195.58",
                            "public_ipv4_pool": "amazon",
                            "tags.%": "0",
                            "vpc": "true"
                        },
                        "meta": {
                            "e2bfb730-ecaa-11e6-8f88-34363bc7c4c0": {
                                "delete": 180000000000,
                                "read": 900000000000,
                                "update": 300000000000
                            }
                        },
                        "tainted": false
                    },
                    "deposed": [],
                    "provider": "provider.aws"
                },
                "aws_iam_instance_profile.ptfe": {
                    "type": "aws_iam_instance_profile",
                    "depends_on": [
                        "aws_iam_role.ptfe",
                        "local.namespace"
                    ],
                    "primary": {
                        "id": "jiyeon-ptfe-pes-iam_instance_profile",
                        "attributes": {
                            "arn": "arn:aws:iam::912698603521:instance-profile/jiyeon-ptfe-pes-iam_instance_profile",
                            "create_date": "2019-05-13T02:09:59Z",
                            "id": "jiyeon-ptfe-pes-iam_instance_profile",
                            "name": "jiyeon-ptfe-pes-iam_instance_profile",
                            "path": "/",
                            "role": "jiyeon-ptfe-pes-iam_role",
                            "roles.#": "0",
                            "unique_id": "AIPA5JAITPAA2GQAJFPU2"
                        },
                        "meta": {},
                        "tainted": false
                    },
                    "deposed": [],
                    "provider": "provider.aws"
                },
                "aws_iam_role.ptfe": {
                    "type": "aws_iam_role",
                    "depends_on": [
                        "local.namespace"
                    ],
                    "primary": {
                        "id": "jiyeon-ptfe-pes-iam_role",
                        "attributes": {
                            "arn": "arn:aws:iam::912698603521:role/jiyeon-ptfe-pes-iam_role",
                            "assume_role_policy": "{\"Version\":\"2012-10-17\",\"Statement\":[{\"Effect\":\"Allow\",\"Principal\":{\"Service\":\"ec2.amazonaws.com\"},\"Action\":\"sts:AssumeRole\"}]}",
                            "create_date": "2019-05-13T02:09:57Z",
                            "description": "",
                            "force_detach_policies": "false",
                            "id": "jiyeon-ptfe-pes-iam_role",
                            "max_session_duration": "3600",
                            "name": "jiyeon-ptfe-pes-iam_role",
                            "path": "/",
                            "tags.%": "0",
                            "unique_id": "AROA5JAITPAAVEGQYUDV2"
                        },
                        "meta": {},
                        "tainted": false
                    },
                    "deposed": [],
                    "provider": "provider.aws"
                },
                "aws_iam_role_policy.ptfe": {
                    "type": "aws_iam_role_policy",
                    "depends_on": [
                        "aws_iam_role.ptfe",
                        "data.aws_iam_policy_document.ptfe",
                        "local.namespace"
                    ],
                    "primary": {
                        "id": "jiyeon-ptfe-pes-iam_role:jiyeon-ptfe-pes-iam_role_policy",
                        "attributes": {
                            "id": "jiyeon-ptfe-pes-iam_role:jiyeon-ptfe-pes-iam_role_policy",
                            "name": "jiyeon-ptfe-pes-iam_role_policy",
                            "policy": "{\n  \"Version\": \"2012-10-17\",\n  \"Statement\": [\n    {\n      \"Sid\": \"AllowS3\",\n      \"Effect\": \"Allow\",\n      \"Action\": \"s3:*\",\n      \"Resource\": [\n        \"arn:aws:s3:::jiyeon-ptfe-pes-s3-bucket/*\",\n        \"arn:aws:s3:::jiyeon-ptfe-pes-s3-bucket\"\n      ]\n    }\n  ]\n}",
                            "role": "jiyeon-ptfe-pes-iam_role"
                        },
                        "meta": {},
                        "tainted": false
                    },
                    "deposed": [],
                    "provider": "provider.aws"
                },
                "aws_instance.pes": {
                    "type": "aws_instance",
                    "depends_on": [
                        "aws_iam_instance_profile.ptfe",
                        "local.namespace"
                    ],
                    "primary": {
                        "id": "i-08bd88443d6edb628",
                        "attributes": {
                            "ami": "ami-0dad20bd1b9c8c004",
                            "arn": "arn:aws:ec2:ap-southeast-1:912698603521:instance/i-08bd88443d6edb628",
                            "associate_public_ip_address": "true",
                            "availability_zone": "ap-southeast-1a",
                            "cpu_core_count": "1",
                            "cpu_threads_per_core": "2",
                            "disable_api_termination": "false",
                            "ebs_block_device.#": "0",
                            "ebs_optimized": "false",
                            "ephemeral_block_device.#": "0",
                            "get_password_data": "false",
                            "iam_instance_profile": "jiyeon-ptfe-pes-iam_instance_profile",
                            "id": "i-08bd88443d6edb628",
                            "instance_state": "running",
                            "instance_type": "m5.large",
                            "ipv6_address_count": "0",
                            "ipv6_addresses.#": "0",
                            "key_name": "jiyeon-key",
                            "monitoring": "false",
                            "network_interface.#": "0",
                            "password_data": "",
                            "placement_group": "",
                            "primary_network_interface_id": "eni-00fed56dd8d22225d",
                            "private_dns": "ip-10-0-1-9.ap-southeast-1.compute.internal",
                            "private_ip": "10.0.1.9",
                            "public_dns": "ec2-54-254-234-210.ap-southeast-1.compute.amazonaws.com",
                            "public_ip": "54.254.234.210",
                            "root_block_device.#": "1",
                            "root_block_device.0.delete_on_termination": "true",
                            "root_block_device.0.iops": "240",
                            "root_block_device.0.volume_id": "vol-08bf80b1942cbacff",
                            "root_block_device.0.volume_size": "80",
                            "root_block_device.0.volume_type": "gp2",
                            "security_groups.#": "0",
                            "source_dest_check": "true",
                            "subnet_id": "subnet-000cece6243fc538a",
                            "tags.%": "3",
                            "tags.Name": "jiyeon-ptfe-pes-instance",
                            "tags.TTL": "-1",
                            "tags.owner": "dbrown",
                            "tenancy": "default",
                            "volume_tags.%": "0",
                            "vpc_security_group_ids.#": "1",
                            "vpc_security_group_ids.3487956615": "sg-03d84ef0be438c5ff"
                        },
                        "meta": {
                            "e2bfb730-ecaa-11e6-8f88-34363bc7c4c0": {
                                "create": 600000000000,
                                "delete": 1200000000000,
                                "update": 600000000000
                            },
                            "schema_version": "1"
                        },
                        "tainted": false
                    },
                    "deposed": [],
                    "provider": "provider.aws"
                },
                "aws_route53_record.pes": {
                    "type": "aws_route53_record",
                    "depends_on": [
                        "aws_eip.pes",
                        "local.namespace"
                    ],
                    "primary": {
                        "id": "Z3C80C0K344PNI_jiyeon-ptfe-pes.hashidemos.io._A",
                        "attributes": {
                            "fqdn": "jiyeon-ptfe-pes.hashidemos.io",
                            "id": "Z3C80C0K344PNI_jiyeon-ptfe-pes.hashidemos.io._A",
                            "name": "jiyeon-ptfe-pes.hashidemos.io",
                            "records.#": "1",
                            "records.1450286773": "18.138.195.58",
                            "ttl": "300",
                            "type": "A",
                            "zone_id": "Z3C80C0K344PNI"
                        },
                        "meta": {
                            "schema_version": "2"
                        },
                        "tainted": false
                    },
                    "deposed": [],
                    "provider": "provider.aws"
                },
                "aws_s3_bucket.pes": {
                    "type": "aws_s3_bucket",
                    "depends_on": [
                        "local.namespace"
                    ],
                    "primary": {
                        "id": "jiyeon-ptfe-pes-s3-bucket",
                        "attributes": {
                            "acceleration_status": "",
                            "acl": "private",
                            "arn": "arn:aws:s3:::jiyeon-ptfe-pes-s3-bucket",
                            "bucket": "jiyeon-ptfe-pes-s3-bucket",
                            "bucket_domain_name": "jiyeon-ptfe-pes-s3-bucket.s3.amazonaws.com",
                            "bucket_regional_domain_name": "jiyeon-ptfe-pes-s3-bucket.s3.ap-southeast-1.amazonaws.com",
                            "cors_rule.#": "0",
                            "force_destroy": "false",
                            "hosted_zone_id": "Z3O0J2DXBE1FTB",
                            "id": "jiyeon-ptfe-pes-s3-bucket",
                            "lifecycle_rule.#": "0",
                            "logging.#": "0",
                            "object_lock_configuration.#": "0",
                            "region": "ap-southeast-1",
                            "replication_configuration.#": "0",
                            "request_payer": "BucketOwner",
                            "server_side_encryption_configuration.#": "0",
                            "tags.%": "1",
                            "tags.Name": "jiyeon-ptfe-pes-s3-bucket",
                            "versioning.#": "1",
                            "versioning.0.enabled": "true",
                            "versioning.0.mfa_delete": "false",
                            "website.#": "0"
                        },
                        "meta": {},
                        "tainted": false
                    },
                    "deposed": [],
                    "provider": "provider.aws"
                },
                "data.aws_iam_policy_document.ptfe": {
                    "type": "aws_iam_policy_document",
                    "depends_on": [
                        "aws_s3_bucket.pes"
                    ],
                    "primary": {
                        "id": "2370174404",
                        "attributes": {
                            "id": "2370174404",
                            "json": "{\n  \"Version\": \"2012-10-17\",\n  \"Statement\": [\n    {\n      \"Sid\": \"AllowS3\",\n      \"Effect\": \"Allow\",\n      \"Action\": \"s3:*\",\n      \"Resource\": [\n        \"arn:aws:s3:::jiyeon-ptfe-pes-s3-bucket/*\",\n        \"arn:aws:s3:::jiyeon-ptfe-pes-s3-bucket\"\n      ]\n    }\n  ]\n}",
                            "statement.#": "1",
                            "statement.0.actions.#": "1",
                            "statement.0.actions.1834123015": "s3:*",
                            "statement.0.condition.#": "0",
                            "statement.0.effect": "Allow",
                            "statement.0.not_actions.#": "0",
                            "statement.0.not_principals.#": "0",
                            "statement.0.not_resources.#": "0",
                            "statement.0.principals.#": "0",
                            "statement.0.resources.#": "2",
                            "statement.0.resources.1496331929": "arn:aws:s3:::jiyeon-ptfe-pes-s3-bucket",
                            "statement.0.resources.3954164133": "arn:aws:s3:::jiyeon-ptfe-pes-s3-bucket/*",
                            "statement.0.sid": "AllowS3",
                            "version": "2012-10-17"
                        },
                        "meta": {},
                        "tainted": false
                    },
                    "deposed": [],
                    "provider": "provider.aws"
                }
            },
            "depends_on": []
        }
    ]
}
